{
  "originHash" : "0b16d176819d94378ddd12c6d7a18a5058ea67c89ac2b5d4ff07f44d864df61d",
  "pins" : [
    {
      "identity" : "swift-secp256k1",
      "kind" : "remoteSourceControl",
      "location" : "https://github.com/21-DOT-DEV/swift-secp256k1.git",
      "state" : {
        "revision" : "e70a10e036a55fffea31568f0af92d69b6d449cd",
        "version" : "0.23.2"
      }
    }
  ],
  "version" : 3
}
